
Microsoft Visual Studio Solution File, Format Version 12.00
# Visual Studio Version 17
VisualStudioVersion = 17.8.34330.188
MinimumVisualStudioVersion = 10.0.40219.1
Project("{2150E333-8FDC-42A3-9474-1A3956D46DE8}") = "Services", "Services", "{3654CAF0-222B-4102-BB59-BF2FD1D493EC}"
EndProject
Project("{2150E333-8FDC-42A3-9474-1A3956D46DE8}") = "Catalog", "Catalog", "{D44CE31A-E442-4E1E-AFB7-7AC148CA6599}"
EndProject
Project("{FAE04EC0-301F-11D3-BF4B-00C04F79EFBC}") = "Catalog.API", "Services\Catalog\Catalog.API\Catalog.API.csproj", "{772F139D-6A2F-47F9-9B67-FB75BFBCFB08}"
EndProject
Global
	GlobalSection(SolutionConfigurationPlatforms) = preSolution
		Debug|Any CPU = Debug|Any CPU
		Release|Any CPU = Release|Any CPU
	EndGlobalSection
	GlobalSection(ProjectConfigurationPlatforms) = postSolution
		{772F139D-6A2F-47F9-9B67-FB75BFBCFB08}.Debug|Any CPU.ActiveCfg = Debug|Any CPU
		{772F139D-6A2F-47F9-9B67-FB75BFBCFB08}.Debug|Any CPU.Build.0 = Debug|Any CPU
		{772F139D-6A2F-47F9-9B67-FB75BFBCFB08}.Release|Any CPU.ActiveCfg = Release|Any CPU
		{772F139D-6A2F-47F9-9B67-FB75BFBCFB08}.Release|Any CPU.Build.0 = Release|Any CPU
	EndGlobalSection
	GlobalSection(SolutionProperties) = preSolution
		HideSolutionNode = FALSE
	EndGlobalSection
	GlobalSection(NestedProjects) = preSolution
		{D44CE31A-E442-4E1E-AFB7-7AC148CA6599} = {3654CAF0-222B-4102-BB59-BF2FD1D493EC}
		{772F139D-6A2F-47F9-9B67-FB75BFBCFB08} = {D44CE31A-E442-4E1E-AFB7-7AC148CA6599}
	EndGlobalSection
	GlobalSection(ExtensibilityGlobals) = postSolution
		SolutionGuid = {E4819AE8-C8BC-408D-B66E-B280B55B5BE5}
	EndGlobalSection
EndGlobal
